
Microsoft Visual Studio Solution File, Format Version 12.00
# Visual Studio Version 16
VisualStudioVersion = 16.0.30503.244
MinimumVisualStudioVersion = 10.0.40219.1
Project("{9A19103F-16F7-4668-BE54-9A1E7A4F7556}") = "obs-websocket", "obs-websocket\obs-websocket.csproj", "{56C31FAC-2119-4D3B-8A3A-47C560C0DC1D}"
EndProject
Project("{9A19103F-16F7-4668-BE54-9A1E7A4F7556}") = "websocket-netcore", "websocket-netcore\websocket-netcore.csproj", "{23C7AC0B-4729-43EC-B3E2-E1872865AAEB}"
EndProject
Project("{FAE04EC0-301F-11D3-BF4B-00C04F79EFBC}") = "obs-websocket-tests", "obs-websocket-tests\obs-websocket-tests.csproj", "{92407098-1043-4C74-957D-69873EB6C853}"
EndProject
Global
	GlobalSection(SolutionConfigurationPlatforms) = preSolution
		Debug|Any CPU = Debug|Any CPU
		Release|Any CPU = Release|Any CPU
	EndGlobalSection
	GlobalSection(ProjectConfigurationPlatforms) = postSolution
		{56C31FAC-2119-4D3B-8A3A-47C560C0DC1D}.Debug|Any CPU.ActiveCfg = Debug|Any CPU
		{56C31FAC-2119-4D3B-8A3A-47C560C0DC1D}.Debug|Any CPU.Build.0 = Debug|Any CPU
		{56C31FAC-2119-4D3B-8A3A-47C560C0DC1D}.Release|Any CPU.ActiveCfg = Release|Any CPU
		{56C31FAC-2119-4D3B-8A3A-47C560C0DC1D}.Release|Any CPU.Build.0 = Release|Any CPU
		{23C7AC0B-4729-43EC-B3E2-E1872865AAEB}.Debug|Any CPU.ActiveCfg = Debug|Any CPU
		{23C7AC0B-4729-43EC-B3E2-E1872865AAEB}.Debug|Any CPU.Build.0 = Debug|Any CPU
		{23C7AC0B-4729-43EC-B3E2-E1872865AAEB}.Release|Any CPU.ActiveCfg = Release|Any CPU
		{23C7AC0B-4729-43EC-B3E2-E1872865AAEB}.Release|Any CPU.Build.0 = Release|Any CPU
		{92407098-1043-4C74-957D-69873EB6C853}.Debug|Any CPU.ActiveCfg = Debug|Any CPU
		{92407098-1043-4C74-957D-69873EB6C853}.Debug|Any CPU.Build.0 = Debug|Any CPU
		{92407098-1043-4C74-957D-69873EB6C853}.Release|Any CPU.ActiveCfg = Release|Any CPU
		{92407098-1043-4C74-957D-69873EB6C853}.Release|Any CPU.Build.0 = Release|Any CPU
	EndGlobalSection
	GlobalSection(SolutionProperties) = preSolution
		HideSolutionNode = FALSE
	EndGlobalSection
	GlobalSection(ExtensibilityGlobals) = postSolution
		SolutionGuid = {83EEEC13-1ED3-4B4E-9AB7-2DE1B547C642}
	EndGlobalSection
EndGlobal
